Microsoft Visual Studio Solution File, Format Version 9.00
# Visual C++ Express 2005
Project("{8BC9CEB8-8B4A-11D0-8D11-00A0C91BC942}") = "PulseDelay", "PulseDelay.vcproj", "{FDBFD846-8CBA-46E2-BA7A-242D3D186997}"
EndProject
Global
	GlobalSection(SolutionConfigurationPlatforms) = preSolution
		Debug|Win32 = Debug|Win32
		Release|Win32 = Release|Win32
	EndGlobalSection
	GlobalSection(ProjectConfigurationPlatforms) = postSolution
		{FDBFD846-8CBA-46E2-BA7A-242D3D186997}.Debug|Win32.ActiveCfg = Debug|Win32
		{FDBFD846-8CBA-46E2-BA7A-242D3D186997}.Debug|Win32.Build.0 = Debug|Win32
		{FDBFD846-8CBA-46E2-BA7A-242D3D186997}.Release|Win32.ActiveCfg = Release|Win32
		{FDBFD846-8CBA-46E2-BA7A-242D3D186997}.Release|Win32.Build.0 = Release|Win32
	EndGlobalSection
	GlobalSection(SolutionProperties) = preSolution
		HideSolutionNode = FALSE
	EndGlobalSection
EndGlobal
