// !$*UTF8*$!
{
	archiveVersion = 1;
	classes = {
	};
	objectVersion = 42;
	objects = {

/* Begin PBXAggregateTarget section */
		24E7A2A40A23AF44006C146F /* Make All */ = {
			isa = PBXAggregateTarget;
			buildConfigurationList = 24E7A2BD0A23AF87006C146F /* Build configuration list for PBXAggregateTarget "Make All" */;
			buildPhases = (
			);
			dependencies = (
				24E7A2A60A23AF49006C146F /* PBXTargetDependency */,
				24E7A2A80A23AF4A006C146F /* PBXTargetDependency */,
			);
			name = "Make All";
			productName = "Make All";
		};
/* End PBXAggregateTarget section */

/* Begin PBXBuildFile section */
		2407DEBA089929BA00EB68BF /* PulseDelayVST.h in Headers */ = {isa = PBXBuildFile; fileRef = 2407DEB7089929BA00EB68BF /* PulseDelayVST.h */; };
		2407DEBB089929BA00EB68BF /* PulseDelayVST.cpp in Sources */ = {isa = PBXBuildFile; fileRef = 2407DEB8089929BA00EB68BF /* PulseDelayVST.cpp */; };
		244FE6DC1557F5CD009EE2E1 /* appMac.cpp in Sources */ = {isa = PBXBuildFile; fileRef = 244FE6C41557F5CD009EE2E1 /* appMac.cpp */; };
		244FE6DD1557F5CD009EE2E1 /* appMac.cpp in Sources */ = {isa = PBXBuildFile; fileRef = 244FE6C41557F5CD009EE2E1 /* appMac.cpp */; };
		244FE6DE1557F5CD009EE2E1 /* appMac.h in Headers */ = {isa = PBXBuildFile; fileRef = 244FE6C51557F5CD009EE2E1 /* appMac.h */; };
		244FE6DF1557F5CD009EE2E1 /* auLoader.cpp in Sources */ = {isa = PBXBuildFile; fileRef = 244FE6C61557F5CD009EE2E1 /* auLoader.cpp */; };
		244FE6E01557F5CD009EE2E1 /* auLoader.cpp in Sources */ = {isa = PBXBuildFile; fileRef = 244FE6C61557F5CD009EE2E1 /* auLoader.cpp */; };
		244FE6E11557F5CD009EE2E1 /* auLoader.h in Headers */ = {isa = PBXBuildFile; fileRef = 244FE6C71557F5CD009EE2E1 /* auLoader.h */; };
		244FE6E21557F5CD009EE2E1 /* effectCore.cpp in Sources */ = {isa = PBXBuildFile; fileRef = 244FE6C81557F5CD009EE2E1 /* effectCore.cpp */; };
		244FE6E31557F5CD009EE2E1 /* effectCore.cpp in Sources */ = {isa = PBXBuildFile; fileRef = 244FE6C81557F5CD009EE2E1 /* effectCore.cpp */; };
		244FE6E41557F5CD009EE2E1 /* effectCore.h in Headers */ = {isa = PBXBuildFile; fileRef = 244FE6C91557F5CD009EE2E1 /* effectCore.h */; };
		244FE6E51557F5CD009EE2E1 /* eventManager.cpp in Sources */ = {isa = PBXBuildFile; fileRef = 244FE6CA1557F5CD009EE2E1 /* eventManager.cpp */; };
		244FE6E61557F5CD009EE2E1 /* eventManager.cpp in Sources */ = {isa = PBXBuildFile; fileRef = 244FE6CA1557F5CD009EE2E1 /* eventManager.cpp */; };
		244FE6E71557F5CD009EE2E1 /* eventManager.h in Headers */ = {isa = PBXBuildFile; fileRef = 244FE6CB1557F5CD009EE2E1 /* eventManager.h */; };
		244FE6E81557F5CD009EE2E1 /* pluginCore.cpp in Sources */ = {isa = PBXBuildFile; fileRef = 244FE6CC1557F5CD009EE2E1 /* pluginCore.cpp */; };
		244FE6E91557F5CD009EE2E1 /* pluginCore.cpp in Sources */ = {isa = PBXBuildFile; fileRef = 244FE6CC1557F5CD009EE2E1 /* pluginCore.cpp */; };
		244FE6EA1557F5CD009EE2E1 /* pluginCore.h in Headers */ = {isa = PBXBuildFile; fileRef = 244FE6CD1557F5CD009EE2E1 /* pluginCore.h */; };
		244FE6EB1557F5CD009EE2E1 /* pluginCoreMidi.cpp in Sources */ = {isa = PBXBuildFile; fileRef = 244FE6CE1557F5CD009EE2E1 /* pluginCoreMidi.cpp */; };
		244FE6EC1557F5CD009EE2E1 /* pluginCoreMidi.cpp in Sources */ = {isa = PBXBuildFile; fileRef = 244FE6CE1557F5CD009EE2E1 /* pluginCoreMidi.cpp */; };
		244FE6ED1557F5CD009EE2E1 /* pluginCorePreset.cpp in Sources */ = {isa = PBXBuildFile; fileRef = 244FE6CF1557F5CD009EE2E1 /* pluginCorePreset.cpp */; };
		244FE6EE1557F5CD009EE2E1 /* pluginCorePreset.cpp in Sources */ = {isa = PBXBuildFile; fileRef = 244FE6CF1557F5CD009EE2E1 /* pluginCorePreset.cpp */; };
		244FE6EF1557F5CD009EE2E1 /* pluginLoader.cpp in Sources */ = {isa = PBXBuildFile; fileRef = 244FE6D01557F5CD009EE2E1 /* pluginLoader.cpp */; };
		244FE6F01557F5CD009EE2E1 /* pluginLoader.cpp in Sources */ = {isa = PBXBuildFile; fileRef = 244FE6D01557F5CD009EE2E1 /* pluginLoader.cpp */; };
		244FE6F11557F5CD009EE2E1 /* pluginLoader.h in Headers */ = {isa = PBXBuildFile; fileRef = 244FE6D11557F5CD009EE2E1 /* pluginLoader.h */; };
		244FE6F21557F5CD009EE2E1 /* productDir.cpp in Sources */ = {isa = PBXBuildFile; fileRef = 244FE6D21557F5CD009EE2E1 /* productDir.cpp */; };
		244FE6F31557F5CD009EE2E1 /* productDir.cpp in Sources */ = {isa = PBXBuildFile; fileRef = 244FE6D21557F5CD009EE2E1 /* productDir.cpp */; };
		244FE6F41557F5CD009EE2E1 /* productDir.h in Headers */ = {isa = PBXBuildFile; fileRef = 244FE6D31557F5CD009EE2E1 /* productDir.h */; };
		244FE6F51557F5CD009EE2E1 /* vstLoader.cpp in Sources */ = {isa = PBXBuildFile; fileRef = 244FE6D41557F5CD009EE2E1 /* vstLoader.cpp */; };
		244FE6F61557F5CD009EE2E1 /* vstLoader.cpp in Sources */ = {isa = PBXBuildFile; fileRef = 244FE6D41557F5CD009EE2E1 /* vstLoader.cpp */; };
		244FE6F71557F5CD009EE2E1 /* vstLoader.h in Headers */ = {isa = PBXBuildFile; fileRef = 244FE6D51557F5CD009EE2E1 /* vstLoader.h */; };
		244FE6F81557F5CD009EE2E1 /* vstLoaderEditor.cpp in Sources */ = {isa = PBXBuildFile; fileRef = 244FE6D61557F5CD009EE2E1 /* vstLoaderEditor.cpp */; };
		244FE6F91557F5CD009EE2E1 /* vstLoaderEditor.cpp in Sources */ = {isa = PBXBuildFile; fileRef = 244FE6D61557F5CD009EE2E1 /* vstLoaderEditor.cpp */; };
		244FE6FA1557F5CD009EE2E1 /* vstLoaderHost.cpp in Sources */ = {isa = PBXBuildFile; fileRef = 244FE6D71557F5CD009EE2E1 /* vstLoaderHost.cpp */; };
		244FE6FB1557F5CD009EE2E1 /* vstLoaderHost.cpp in Sources */ = {isa = PBXBuildFile; fileRef = 244FE6D71557F5CD009EE2E1 /* vstLoaderHost.cpp */; };
		244FE6FC1557F5CD009EE2E1 /* xmlLogger.cpp in Sources */ = {isa = PBXBuildFile; fileRef = 244FE6D81557F5CD009EE2E1 /* xmlLogger.cpp */; };
		244FE6FD1557F5CD009EE2E1 /* xmlLogger.cpp in Sources */ = {isa = PBXBuildFile; fileRef = 244FE6D81557F5CD009EE2E1 /* xmlLogger.cpp */; };
		244FE6FE1557F5CD009EE2E1 /* xmlLogger.h in Headers */ = {isa = PBXBuildFile; fileRef = 244FE6D91557F5CD009EE2E1 /* xmlLogger.h */; };
		244FE6FF1557F5CD009EE2E1 /* xmlWriter.cpp in Sources */ = {isa = PBXBuildFile; fileRef = 244FE6DA1557F5CD009EE2E1 /* xmlWriter.cpp */; };
		244FE7001557F5CD009EE2E1 /* xmlWriter.cpp in Sources */ = {isa = PBXBuildFile; fileRef = 244FE6DA1557F5CD009EE2E1 /* xmlWriter.cpp */; };
		244FE7011557F5CD009EE2E1 /* xmlWriter.h in Headers */ = {isa = PBXBuildFile; fileRef = 244FE6DB1557F5CD009EE2E1 /* xmlWriter.h */; };
		244FE77F1557F9DE009EE2E1 /* AUBase.cpp in Sources */ = {isa = PBXBuildFile; fileRef = 244FE7431557F9DE009EE2E1 /* AUBase.cpp */; };
		244FE7801557F9DE009EE2E1 /* AUDispatch.cpp in Sources */ = {isa = PBXBuildFile; fileRef = 244FE7451557F9DE009EE2E1 /* AUDispatch.cpp */; };
		244FE7811557F9DE009EE2E1 /* AUInputElement.cpp in Sources */ = {isa = PBXBuildFile; fileRef = 244FE7471557F9DE009EE2E1 /* AUInputElement.cpp */; };
		244FE7821557F9DE009EE2E1 /* AUOutputElement.cpp in Sources */ = {isa = PBXBuildFile; fileRef = 244FE7491557F9DE009EE2E1 /* AUOutputElement.cpp */; };
		244FE7841557F9DE009EE2E1 /* AUScopeElement.cpp in Sources */ = {isa = PBXBuildFile; fileRef = 244FE74C1557F9DE009EE2E1 /* AUScopeElement.cpp */; };
		244FE7851557F9DE009EE2E1 /* ComponentBase.cpp in Sources */ = {isa = PBXBuildFile; fileRef = 244FE74E1557F9DE009EE2E1 /* ComponentBase.cpp */; };
		244FE7861557F9DE009EE2E1 /* AUCarbonViewBase.cpp in Sources */ = {isa = PBXBuildFile; fileRef = 244FE7511557F9DE009EE2E1 /* AUCarbonViewBase.cpp */; };
		244FE7871557F9DE009EE2E1 /* AUCarbonViewControl.cpp in Sources */ = {isa = PBXBuildFile; fileRef = 244FE7531557F9DE009EE2E1 /* AUCarbonViewControl.cpp */; };
		244FE7881557F9DE009EE2E1 /* AUCarbonViewDispatch.cpp in Sources */ = {isa = PBXBuildFile; fileRef = 244FE7551557F9DE009EE2E1 /* AUCarbonViewDispatch.cpp */; };
		244FE7891557F9DE009EE2E1 /* AUControlGroup.cpp in Sources */ = {isa = PBXBuildFile; fileRef = 244FE7561557F9DE009EE2E1 /* AUControlGroup.cpp */; };
		244FE78A1557F9DE009EE2E1 /* CarbonEventHandler.cpp in Sources */ = {isa = PBXBuildFile; fileRef = 244FE7581557F9DE009EE2E1 /* CarbonEventHandler.cpp */; };
		244FE78F1557F9DE009EE2E1 /* AUEffectBase.cpp in Sources */ = {isa = PBXBuildFile; fileRef = 244FE7681557F9DE009EE2E1 /* AUEffectBase.cpp */; };
		244FE7951557F9DE009EE2E1 /* AUBaseHelper.cpp in Sources */ = {isa = PBXBuildFile; fileRef = 244FE7751557F9DE009EE2E1 /* AUBaseHelper.cpp */; };
		244FE7961557F9DE009EE2E1 /* AUBuffer.cpp in Sources */ = {isa = PBXBuildFile; fileRef = 244FE7771557F9DE009EE2E1 /* AUBuffer.cpp */; };
		244FE7971557F9DE009EE2E1 /* AUDebugDispatcher.cpp in Sources */ = {isa = PBXBuildFile; fileRef = 244FE7791557F9DE009EE2E1 /* AUDebugDispatcher.cpp */; };
		244FE7981557F9DE009EE2E1 /* AUTimestampGenerator.cpp in Sources */ = {isa = PBXBuildFile; fileRef = 244FE77D1557F9DE009EE2E1 /* AUTimestampGenerator.cpp */; };
		244FE83D1557FA57009EE2E1 /* QuickTime.framework in Frameworks */ = {isa = PBXBuildFile; fileRef = 244FE83C1557FA57009EE2E1 /* QuickTime.framework */; };
		244FE8E31557FC10009EE2E1 /* CAStreamBasicDescription.cpp in Sources */ = {isa = PBXBuildFile; fileRef = 244FE8E11557FC10009EE2E1 /* CAStreamBasicDescription.cpp */; };
		244FE8E61557FC29009EE2E1 /* CAHostTimeBase.cpp in Sources */ = {isa = PBXBuildFile; fileRef = 244FE8E41557FC29009EE2E1 /* CAHostTimeBase.cpp */; };
		244FE8E91557FC61009EE2E1 /* CAAudioChannelLayout.cpp in Sources */ = {isa = PBXBuildFile; fileRef = 244FE8E71557FC61009EE2E1 /* CAAudioChannelLayout.cpp */; };
		244FE8EC1557FC8E009EE2E1 /* CAVectorUnit.cpp in Sources */ = {isa = PBXBuildFile; fileRef = 244FE8EA1557FC8E009EE2E1 /* CAVectorUnit.cpp */; };
		244FE8EF1557FCC6009EE2E1 /* CAAUParameter.cpp in Sources */ = {isa = PBXBuildFile; fileRef = 244FE8EE1557FCC6009EE2E1 /* CAAUParameter.cpp */; };
		245B71C00965AA2B00E5733E /* defaults.h in Headers */ = {isa = PBXBuildFile; fileRef = 245B71BF0965AA2B00E5733E /* defaults.h */; };
		2496C45B0A5528FB009E90E5 /* AU-Info.plist in Resources */ = {isa = PBXBuildFile; fileRef = 24D27C77097B1CEB0039D32E /* AU-Info.plist */; };
		24C0ABFB0964A83D002FAA1A /* PulseDelayCore.h in Headers */ = {isa = PBXBuildFile; fileRef = 24C0ABF90964A83D002FAA1A /* PulseDelayCore.h */; };
		24C0ABFC0964A83D002FAA1A /* PulseDelayCore.cpp in Sources */ = {isa = PBXBuildFile; fileRef = 24C0ABFA0964A83D002FAA1A /* PulseDelayCore.cpp */; };
		24CFB70407E7A0220081BD57 /* PkgInfo in Resources */ = {isa = PBXBuildFile; fileRef = 24CFB70307E7A0220081BD57 /* PkgInfo */; };
		24D14C42096D6D9600D7CD97 /* fxEnvelope.h in Headers */ = {isa = PBXBuildFile; fileRef = 24D14C40096D6D9600D7CD97 /* fxEnvelope.h */; };
		24D14C43096D6D9600D7CD97 /* fxEnvelope.cpp in Sources */ = {isa = PBXBuildFile; fileRef = 24D14C41096D6D9600D7CD97 /* fxEnvelope.cpp */; };
		24D27DE0097B40500039D32E /* CoreAudio.framework in Frameworks */ = {isa = PBXBuildFile; fileRef = 24D27DDC097B40500039D32E /* CoreAudio.framework */; };
		24D27DE1097B40500039D32E /* CoreServices.framework in Frameworks */ = {isa = PBXBuildFile; fileRef = 24D27DDD097B40500039D32E /* CoreServices.framework */; };
		24D27DE2097B40500039D32E /* AudioToolbox.framework in Frameworks */ = {isa = PBXBuildFile; fileRef = 24D27DDE097B40500039D32E /* AudioToolbox.framework */; };
		24D27DE3097B40500039D32E /* AudioUnit.framework in Frameworks */ = {isa = PBXBuildFile; fileRef = 24D27DDF097B40500039D32E /* AudioUnit.framework */; };
		24D27E11097B42600039D32E /* PulseDelay.r in Rez */ = {isa = PBXBuildFile; fileRef = 24D27DF0097B40F80039D32E /* PulseDelay.r */; };
		24D27E45097B449A0039D32E /* PulseDelayAU.cpp in Sources */ = {isa = PBXBuildFile; fileRef = 24D27E44097B449A0039D32E /* PulseDelayAU.cpp */; };
		24D27EDF097B4C800039D32E /* PulseDelayCore.cpp in Sources */ = {isa = PBXBuildFile; fileRef = 24C0ABFA0964A83D002FAA1A /* PulseDelayCore.cpp */; };
		24D27EE0097B4C8E0039D32E /* fxEnvelope.cpp in Sources */ = {isa = PBXBuildFile; fileRef = 24D14C41096D6D9600D7CD97 /* fxEnvelope.cpp */; };
		24D28029097C26C80039D32E /* Carbon.framework in Frameworks */ = {isa = PBXBuildFile; fileRef = 08EA7FFBFE8413EDC02AAC07 /* Carbon.framework */; };
		24E45BD20F9B768E008F34CE /* audioeffect.cpp in Sources */ = {isa = PBXBuildFile; fileRef = 24E45A370F9B7632008F34CE /* audioeffect.cpp */; };
		24E45BD30F9B768E008F34CE /* audioeffectx.cpp in Sources */ = {isa = PBXBuildFile; fileRef = 24E45A390F9B7632008F34CE /* audioeffectx.cpp */; };
		24E45BD40F9B768E008F34CE /* vstplugmain.cpp in Sources */ = {isa = PBXBuildFile; fileRef = 24E45A3B0F9B7632008F34CE /* vstplugmain.cpp */; };
		24E45BED0F9B7835008F34CE /* xcode_vst_prefix.h in Headers */ = {isa = PBXBuildFile; fileRef = 24E45BEC0F9B7835008F34CE /* xcode_vst_prefix.h */; };
		8D01CCCE0486CAD60068D4B7 /* Carbon.framework in Frameworks */ = {isa = PBXBuildFile; fileRef = 08EA7FFBFE8413EDC02AAC07 /* Carbon.framework */; };
/* End PBXBuildFile section */

/* Begin PBXContainerItemProxy section */
		24E7A2A50A23AF49006C146F /* PBXContainerItemProxy */ = {
			isa = PBXContainerItemProxy;
			containerPortal = 089C1669FE841209C02AAC07 /* Project object */;
			proxyType = 1;
			remoteGlobalIDString = 24D27C75097B1CEB0039D32E;
			remoteInfo = "PulseDelay-AU";
		};
		24E7A2A70A23AF4A006C146F /* PBXContainerItemProxy */ = {
			isa = PBXContainerItemProxy;
			containerPortal = 089C1669FE841209C02AAC07 /* Project object */;
			proxyType = 1;
			remoteGlobalIDString = 8D01CCC60486CAD60068D4B7;
			remoteInfo = "PulseDelay-VST";
		};
/* End PBXContainerItemProxy section */

/* Begin PBXFileReference section */
		08EA7FFBFE8413EDC02AAC07 /* Carbon.framework */ = {isa = PBXFileReference; lastKnownFileType = wrapper.framework; name = Carbon.framework; path = /System/Library/Frameworks/Carbon.framework; sourceTree = "<absolute>"; };
		2407DE920899296600EB68BF /* PulseDelay.vst */ = {isa = PBXFileReference; explicitFileType = wrapper.cfbundle; includeInIndex = 0; path = PulseDelay.vst; sourceTree = BUILT_PRODUCTS_DIR; };
		2407DEB7089929BA00EB68BF /* PulseDelayVST.h */ = {isa = PBXFileReference; fileEncoding = 30; lastKnownFileType = sourcecode.c.h; name = PulseDelayVST.h; path = source/PulseDelayVST.h; sourceTree = "<group>"; };
		2407DEB8089929BA00EB68BF /* PulseDelayVST.cpp */ = {isa = PBXFileReference; fileEncoding = 30; lastKnownFileType = sourcecode.cpp.cpp; name = PulseDelayVST.cpp; path = source/PulseDelayVST.cpp; sourceTree = "<group>"; };
		244FE6C41557F5CD009EE2E1 /* appMac.cpp */ = {isa = PBXFileReference; fileEncoding = 4; lastKnownFileType = sourcecode.cpp.cpp; path = appMac.cpp; sourceTree = "<group>"; };
		244FE6C51557F5CD009EE2E1 /* appMac.h */ = {isa = PBXFileReference; fileEncoding = 4; lastKnownFileType = sourcecode.c.h; path = appMac.h; sourceTree = "<group>"; };
		244FE6C61557F5CD009EE2E1 /* auLoader.cpp */ = {isa = PBXFileReference; fileEncoding = 4; lastKnownFileType = sourcecode.cpp.cpp; path = auLoader.cpp; sourceTree = "<group>"; };
		244FE6C71557F5CD009EE2E1 /* auLoader.h */ = {isa = PBXFileReference; fileEncoding = 4; lastKnownFileType = sourcecode.c.h; path = auLoader.h; sourceTree = "<group>"; };
		244FE6C81557F5CD009EE2E1 /* effectCore.cpp */ = {isa = PBXFileReference; fileEncoding = 4; lastKnownFileType = sourcecode.cpp.cpp; path = effectCore.cpp; sourceTree = "<group>"; };
		244FE6C91557F5CD009EE2E1 /* effectCore.h */ = {isa = PBXFileReference; fileEncoding = 4; lastKnownFileType = sourcecode.c.h; path = effectCore.h; sourceTree = "<group>"; };
		244FE6CA1557F5CD009EE2E1 /* eventManager.cpp */ = {isa = PBXFileReference; fileEncoding = 4; lastKnownFileType = sourcecode.cpp.cpp; path = eventManager.cpp; sourceTree = "<group>"; };
		244FE6CB1557F5CD009EE2E1 /* eventManager.h */ = {isa = PBXFileReference; fileEncoding = 4; lastKnownFileType = sourcecode.c.h; path = eventManager.h; sourceTree = "<group>"; };
		244FE6CC1557F5CD009EE2E1 /* pluginCore.cpp */ = {isa = PBXFileReference; fileEncoding = 4; lastKnownFileType = sourcecode.cpp.cpp; path = pluginCore.cpp; sourceTree = "<group>"; };
		244FE6CD1557F5CD009EE2E1 /* pluginCore.h */ = {isa = PBXFileReference; fileEncoding = 4; lastKnownFileType = sourcecode.c.h; path = pluginCore.h; sourceTree = "<group>"; };
		244FE6CE1557F5CD009EE2E1 /* pluginCoreMidi.cpp */ = {isa = PBXFileReference; fileEncoding = 4; lastKnownFileType = sourcecode.cpp.cpp; path = pluginCoreMidi.cpp; sourceTree = "<group>"; };
		244FE6CF1557F5CD009EE2E1 /* pluginCorePreset.cpp */ = {isa = PBXFileReference; fileEncoding = 4; lastKnownFileType = sourcecode.cpp.cpp; path = pluginCorePreset.cpp; sourceTree = "<group>"; };
		244FE6D01557F5CD009EE2E1 /* pluginLoader.cpp */ = {isa = PBXFileReference; fileEncoding = 4; lastKnownFileType = sourcecode.cpp.cpp; path = pluginLoader.cpp; sourceTree = "<group>"; };
		244FE6D11557F5CD009EE2E1 /* pluginLoader.h */ = {isa = PBXFileReference; fileEncoding = 4; lastKnownFileType = sourcecode.c.h; path = pluginLoader.h; sourceTree = "<group>"; };
		244FE6D21557F5CD009EE2E1 /* productDir.cpp */ = {isa = PBXFileReference; fileEncoding = 4; lastKnownFileType = sourcecode.cpp.cpp; path = productDir.cpp; sourceTree = "<group>"; };
		244FE6D31557F5CD009EE2E1 /* productDir.h */ = {isa = PBXFileReference; fileEncoding = 4; lastKnownFileType = sourcecode.c.h; path = productDir.h; sourceTree = "<group>"; };
		244FE6D41557F5CD009EE2E1 /* vstLoader.cpp */ = {isa = PBXFileReference; fileEncoding = 4; lastKnownFileType = sourcecode.cpp.cpp; path = vstLoader.cpp; sourceTree = "<group>"; };
		244FE6D51557F5CD009EE2E1 /* vstLoader.h */ = {isa = PBXFileReference; fileEncoding = 4; lastKnownFileType = sourcecode.c.h; path = vstLoader.h; sourceTree = "<group>"; };
		244FE6D61557F5CD009EE2E1 /* vstLoaderEditor.cpp */ = {isa = PBXFileReference; fileEncoding = 4; lastKnownFileType = sourcecode.cpp.cpp; path = vstLoaderEditor.cpp; sourceTree = "<group>"; };
		244FE6D71557F5CD009EE2E1 /* vstLoaderHost.cpp */ = {isa = PBXFileReference; fileEncoding = 4; lastKnownFileType = sourcecode.cpp.cpp; path = vstLoaderHost.cpp; sourceTree = "<group>"; };
		244FE6D81557F5CD009EE2E1 /* xmlLogger.cpp */ = {isa = PBXFileReference; fileEncoding = 4; lastKnownFileType = sourcecode.cpp.cpp; path = xmlLogger.cpp; sourceTree = "<group>"; };
		244FE6D91557F5CD009EE2E1 /* xmlLogger.h */ = {isa = PBXFileReference; fileEncoding = 4; lastKnownFileType = sourcecode.c.h; path = xmlLogger.h; sourceTree = "<group>"; };
		244FE6DA1557F5CD009EE2E1 /* xmlWriter.cpp */ = {isa = PBXFileReference; fileEncoding = 4; lastKnownFileType = sourcecode.cpp.cpp; path = xmlWriter.cpp; sourceTree = "<group>"; };
		244FE6DB1557F5CD009EE2E1 /* xmlWriter.h */ = {isa = PBXFileReference; fileEncoding = 4; lastKnownFileType = sourcecode.c.h; path = xmlWriter.h; sourceTree = "<group>"; };
		244FE7431557F9DE009EE2E1 /* AUBase.cpp */ = {isa = PBXFileReference; fileEncoding = 4; lastKnownFileType = sourcecode.cpp.cpp; path = AUBase.cpp; sourceTree = "<group>"; };
		244FE7441557F9DE009EE2E1 /* AUBase.h */ = {isa = PBXFileReference; fileEncoding = 4; lastKnownFileType = sourcecode.c.h; path = AUBase.h; sourceTree = "<group>"; };
		244FE7451557F9DE009EE2E1 /* AUDispatch.cpp */ = {isa = PBXFileReference; fileEncoding = 4; lastKnownFileType = sourcecode.cpp.cpp; path = AUDispatch.cpp; sourceTree = "<group>"; };
		244FE7461557F9DE009EE2E1 /* AUDispatch.h */ = {isa = PBXFileReference; fileEncoding = 4; lastKnownFileType = sourcecode.c.h; path = AUDispatch.h; sourceTree = "<group>"; };
		244FE7471557F9DE009EE2E1 /* AUInputElement.cpp */ = {isa = PBXFileReference; fileEncoding = 4; lastKnownFileType = sourcecode.cpp.cpp; path = AUInputElement.cpp; sourceTree = "<group>"; };
		244FE7481557F9DE009EE2E1 /* AUInputElement.h */ = {isa = PBXFileReference; fileEncoding = 4; lastKnownFileType = sourcecode.c.h; path = AUInputElement.h; sourceTree = "<group>"; };
		244FE7491557F9DE009EE2E1 /* AUOutputElement.cpp */ = {isa = PBXFileReference; fileEncoding = 4; lastKnownFileType = sourcecode.cpp.cpp; path = AUOutputElement.cpp; sourceTree = "<group>"; };
		244FE74A1557F9DE009EE2E1 /* AUOutputElement.h */ = {isa = PBXFileReference; fileEncoding = 4; lastKnownFileType = sourcecode.c.h; path = AUOutputElement.h; sourceTree = "<group>"; };
		244FE74C1557F9DE009EE2E1 /* AUScopeElement.cpp */ = {isa = PBXFileReference; fileEncoding = 4; lastKnownFileType = sourcecode.cpp.cpp; path = AUScopeElement.cpp; sourceTree = "<group>"; };
		244FE74D1557F9DE009EE2E1 /* AUScopeElement.h */ = {isa = PBXFileReference; fileEncoding = 4; lastKnownFileType = sourcecode.c.h; path = AUScopeElement.h; sourceTree = "<group>"; };
		244FE74E1557F9DE009EE2E1 /* ComponentBase.cpp */ = {isa = PBXFileReference; fileEncoding = 4; lastKnownFileType = sourcecode.cpp.cpp; path = ComponentBase.cpp; sourceTree = "<group>"; };
		244FE74F1557F9DE009EE2E1 /* ComponentBase.h */ = {isa = PBXFileReference; fileEncoding = 4; lastKnownFileType = sourcecode.c.h; path = ComponentBase.h; sourceTree = "<group>"; };
		244FE7511557F9DE009EE2E1 /* AUCarbonViewBase.cpp */ = {isa = PBXFileReference; fileEncoding = 4; lastKnownFileType = sourcecode.cpp.cpp; path = AUCarbonViewBase.cpp; sourceTree = "<group>"; };
		244FE7521557F9DE009EE2E1 /* AUCarbonViewBase.h */ = {isa = PBXFileReference; fileEncoding = 4; lastKnownFileType = sourcecode.c.h; path = AUCarbonViewBase.h; sourceTree = "<group>"; };
		244FE7531557F9DE009EE2E1 /* AUCarbonViewControl.cpp */ = {isa = PBXFileReference; fileEncoding = 4; lastKnownFileType = sourcecode.cpp.cpp; path = AUCarbonViewControl.cpp; sourceTree = "<group>"; };
		244FE7541557F9DE009EE2E1 /* AUCarbonViewControl.h */ = {isa = PBXFileReference; fileEncoding = 4; lastKnownFileType = sourcecode.c.h; path = AUCarbonViewControl.h; sourceTree = "<group>"; };
		244FE7551557F9DE009EE2E1 /* AUCarbonViewDispatch.cpp */ = {isa = PBXFileReference; fileEncoding = 4; lastKnownFileType = sourcecode.cpp.cpp; path = AUCarbonViewDispatch.cpp; sourceTree = "<group>"; };
		244FE7561557F9DE009EE2E1 /* AUControlGroup.cpp */ = {isa = PBXFileReference; fileEncoding = 4; lastKnownFileType = sourcecode.cpp.cpp; path = AUControlGroup.cpp; sourceTree = "<group>"; };
		244FE7571557F9DE009EE2E1 /* AUControlGroup.h */ = {isa = PBXFileReference; fileEncoding = 4; lastKnownFileType = sourcecode.c.h; path = AUControlGroup.h; sourceTree = "<group>"; };
		244FE7581557F9DE009EE2E1 /* CarbonEventHandler.cpp */ = {isa = PBXFileReference; fileEncoding = 4; lastKnownFileType = sourcecode.cpp.cpp; path = CarbonEventHandler.cpp; sourceTree = "<group>"; };
		244FE7591557F9DE009EE2E1 /* CarbonEventHandler.h */ = {isa = PBXFileReference; fileEncoding = 4; lastKnownFileType = sourcecode.c.h; path = CarbonEventHandler.h; sourceTree = "<group>"; };
		244FE7661557F9DE009EE2E1 /* AUViewLocalizedStringKeys.h */ = {isa = PBXFileReference; fileEncoding = 4; lastKnownFileType = sourcecode.c.h; path = AUViewLocalizedStringKeys.h; sourceTree = "<group>"; };
		244FE7681557F9DE009EE2E1 /* AUEffectBase.cpp */ = {isa = PBXFileReference; fileEncoding = 4; lastKnownFileType = sourcecode.cpp.cpp; path = AUEffectBase.cpp; sourceTree = "<group>"; };
		244FE7691557F9DE009EE2E1 /* AUEffectBase.h */ = {isa = PBXFileReference; fileEncoding = 4; lastKnownFileType = sourcecode.c.h; path = AUEffectBase.h; sourceTree = "<group>"; };
		244FE7751557F9DE009EE2E1 /* AUBaseHelper.cpp */ = {isa = PBXFileReference; fileEncoding = 4; lastKnownFileType = sourcecode.cpp.cpp; path = AUBaseHelper.cpp; sourceTree = "<group>"; };
		244FE7761557F9DE009EE2E1 /* AUBaseHelper.h */ = {isa = PBXFileReference; fileEncoding = 4; lastKnownFileType = sourcecode.c.h; path = AUBaseHelper.h; sourceTree = "<group>"; };
		244FE7771557F9DE009EE2E1 /* AUBuffer.cpp */ = {isa = PBXFileReference; fileEncoding = 4; lastKnownFileType = sourcecode.cpp.cpp; path = AUBuffer.cpp; sourceTree = "<group>"; };
		244FE7781557F9DE009EE2E1 /* AUBuffer.h */ = {isa = PBXFileReference; fileEncoding = 4; lastKnownFileType = sourcecode.c.h; path = AUBuffer.h; sourceTree = "<group>"; };
		244FE7791557F9DE009EE2E1 /* AUDebugDispatcher.cpp */ = {isa = PBXFileReference; fileEncoding = 4; lastKnownFileType = sourcecode.cpp.cpp; path = AUDebugDispatcher.cpp; sourceTree = "<group>"; };
		244FE77A1557F9DE009EE2E1 /* AUDebugDispatcher.h */ = {isa = PBXFileReference; fileEncoding = 4; lastKnownFileType = sourcecode.c.h; path = AUDebugDispatcher.h; sourceTree = "<group>"; };
		244FE77B1557F9DE009EE2E1 /* AUInputFormatConverter.h */ = {isa = PBXFileReference; fileEncoding = 4; lastKnownFileType = sourcecode.c.h; path = AUInputFormatConverter.h; sourceTree = "<group>"; };
		244FE77C1557F9DE009EE2E1 /* AUSilentTimeout.h */ = {isa = PBXFileReference; fileEncoding = 4; lastKnownFileType = sourcecode.c.h; path = AUSilentTimeout.h; sourceTree = "<group>"; };
		244FE77D1557F9DE009EE2E1 /* AUTimestampGenerator.cpp */ = {isa = PBXFileReference; fileEncoding = 4; lastKnownFileType = sourcecode.cpp.cpp; path = AUTimestampGenerator.cpp; sourceTree = "<group>"; };
		244FE77E1557F9DE009EE2E1 /* AUTimestampGenerator.h */ = {isa = PBXFileReference; fileEncoding = 4; lastKnownFileType = sourcecode.c.h; path = AUTimestampGenerator.h; sourceTree = "<group>"; };
		244FE83C1557FA57009EE2E1 /* QuickTime.framework */ = {isa = PBXFileReference; lastKnownFileType = wrapper.framework; name = QuickTime.framework; path = /System/Library/Frameworks/QuickTime.framework; sourceTree = "<absolute>"; };
		244FE8E11557FC10009EE2E1 /* CAStreamBasicDescription.cpp */ = {isa = PBXFileReference; fileEncoding = 4; lastKnownFileType = sourcecode.cpp.cpp; path = CAStreamBasicDescription.cpp; sourceTree = "<group>"; };
		244FE8E21557FC10009EE2E1 /* CAStreamBasicDescription.h */ = {isa = PBXFileReference; fileEncoding = 4; lastKnownFileType = sourcecode.c.h; path = CAStreamBasicDescription.h; sourceTree = "<group>"; };
		244FE8E41557FC29009EE2E1 /* CAHostTimeBase.cpp */ = {isa = PBXFileReference; fileEncoding = 4; lastKnownFileType = sourcecode.cpp.cpp; path = CAHostTimeBase.cpp; sourceTree = "<group>"; };
		244FE8E51557FC29009EE2E1 /* CAHostTimeBase.h */ = {isa = PBXFileReference; fileEncoding = 4; lastKnownFileType = sourcecode.c.h; path = CAHostTimeBase.h; sourceTree = "<group>"; };
		244FE8E71557FC61009EE2E1 /* CAAudioChannelLayout.cpp */ = {isa = PBXFileReference; fileEncoding = 4; lastKnownFileType = sourcecode.cpp.cpp; path = CAAudioChannelLayout.cpp; sourceTree = "<group>"; };
		244FE8E81557FC61009EE2E1 /* CAAudioChannelLayout.h */ = {isa = PBXFileReference; fileEncoding = 4; lastKnownFileType = sourcecode.c.h; path = CAAudioChannelLayout.h; sourceTree = "<group>"; };
		244FE8EA1557FC8E009EE2E1 /* CAVectorUnit.cpp */ = {isa = PBXFileReference; fileEncoding = 4; lastKnownFileType = sourcecode.cpp.cpp; path = CAVectorUnit.cpp; sourceTree = "<group>"; };
		244FE8EB1557FC8E009EE2E1 /* CAVectorUnit.h */ = {isa = PBXFileReference; fileEncoding = 4; lastKnownFileType = sourcecode.c.h; path = CAVectorUnit.h; sourceTree = "<group>"; };
		244FE8ED1557FCC6009EE2E1 /* CAAUParameter.h */ = {isa = PBXFileReference; fileEncoding = 4; lastKnownFileType = sourcecode.c.h; path = CAAUParameter.h; sourceTree = "<group>"; };
		244FE8EE1557FCC6009EE2E1 /* CAAUParameter.cpp */ = {isa = PBXFileReference; fileEncoding = 4; lastKnownFileType = sourcecode.cpp.cpp; path = CAAUParameter.cpp; sourceTree = "<group>"; };
		245B71BF0965AA2B00E5733E /* defaults.h */ = {isa = PBXFileReference; fileEncoding = 4; lastKnownFileType = sourcecode.c.h; name = defaults.h; path = source/defaults.h; sourceTree = "<group>"; };
		24C0ABF90964A83D002FAA1A /* PulseDelayCore.h */ = {isa = PBXFileReference; fileEncoding = 4; lastKnownFileType = sourcecode.c.h; name = PulseDelayCore.h; path = source/PulseDelayCore.h; sourceTree = "<group>"; };
		24C0ABFA0964A83D002FAA1A /* PulseDelayCore.cpp */ = {isa = PBXFileReference; fileEncoding = 4; lastKnownFileType = sourcecode.cpp.cpp; name = PulseDelayCore.cpp; path = source/PulseDelayCore.cpp; sourceTree = "<group>"; };
		24CFB70307E7A0220081BD57 /* PkgInfo */ = {isa = PBXFileReference; fileEncoding = 4; lastKnownFileType = text; name = PkgInfo; path = mac/PkgInfo; sourceTree = "<group>"; };
		24D14C40096D6D9600D7CD97 /* fxEnvelope.h */ = {isa = PBXFileReference; fileEncoding = 4; lastKnownFileType = sourcecode.c.h; name = fxEnvelope.h; path = source/fxEnvelope.h; sourceTree = "<group>"; };
		24D14C41096D6D9600D7CD97 /* fxEnvelope.cpp */ = {isa = PBXFileReference; fileEncoding = 4; lastKnownFileType = sourcecode.cpp.cpp; name = fxEnvelope.cpp; path = source/fxEnvelope.cpp; sourceTree = "<group>"; };
		24D27C76097B1CEB0039D32E /* PulseDelay.component */ = {isa = PBXFileReference; explicitFileType = wrapper.cfbundle; includeInIndex = 0; path = PulseDelay.component; sourceTree = BUILT_PRODUCTS_DIR; };
		24D27C77097B1CEB0039D32E /* AU-Info.plist */ = {isa = PBXFileReference; lastKnownFileType = text.plist.xml; name = "AU-Info.plist"; path = "mac/AU-Info.plist"; sourceTree = "<group>"; };
		24D27DDC097B40500039D32E /* CoreAudio.framework */ = {isa = PBXFileReference; lastKnownFileType = wrapper.framework; name = CoreAudio.framework; path = /System/Library/Frameworks/CoreAudio.framework; sourceTree = "<absolute>"; };
		24D27DDD097B40500039D32E /* CoreServices.framework */ = {isa = PBXFileReference; lastKnownFileType = wrapper.framework; name = CoreServices.framework; path = /System/Library/Frameworks/CoreServices.framework; sourceTree = "<absolute>"; };
		24D27DDE097B40500039D32E /* AudioToolbox.framework */ = {isa = PBXFileReference; lastKnownFileType = wrapper.framework; name = AudioToolbox.framework; path = /System/Library/Frameworks/AudioToolbox.framework; sourceTree = "<absolute>"; };
		24D27DDF097B40500039D32E /* AudioUnit.framework */ = {isa = PBXFileReference; lastKnownFileType = wrapper.framework; name = AudioUnit.framework; path = /System/Library/Frameworks/AudioUnit.framework; sourceTree = "<absolute>"; };
		24D27DEF097B40F80039D32E /* PulseDelay.exp */ = {isa = PBXFileReference; fileEncoding = 30; lastKnownFileType = sourcecode.exports; name = PulseDelay.exp; path = mac/PulseDelay.exp; sourceTree = SOURCE_ROOT; };
		24D27DF0097B40F80039D32E /* PulseDelay.r */ = {isa = PBXFileReference; fileEncoding = 30; lastKnownFileType = sourcecode.rez; name = PulseDelay.r; path = mac/PulseDelay.r; sourceTree = SOURCE_ROOT; };
		24D27E43097B449A0039D32E /* PulseDelayAU.h */ = {isa = PBXFileReference; fileEncoding = 4; lastKnownFileType = sourcecode.c.h; name = PulseDelayAU.h; path = source/PulseDelayAU.h; sourceTree = "<group>"; };
		24D27E44097B449A0039D32E /* PulseDelayAU.cpp */ = {isa = PBXFileReference; fileEncoding = 4; lastKnownFileType = sourcecode.cpp.cpp; name = PulseDelayAU.cpp; path = source/PulseDelayAU.cpp; sourceTree = "<group>"; };
		24E459EF0F9B7631008F34CE /* aeffect.h */ = {isa = PBXFileReference; fileEncoding = 4; lastKnownFileType = sourcecode.c.h; path = aeffect.h; sourceTree = "<group>"; };
		24E459F00F9B7631008F34CE /* aeffectx.h */ = {isa = PBXFileReference; fileEncoding = 4; lastKnownFileType = sourcecode.c.h; path = aeffectx.h; sourceTree = "<group>"; };
		24E459F10F9B7631008F34CE /* vstfxstore.h */ = {isa = PBXFileReference; fileEncoding = 4; lastKnownFileType = sourcecode.c.h; path = vstfxstore.h; sourceTree = "<group>"; };
		24E45A360F9B7632008F34CE /* aeffeditor.h */ = {isa = PBXFileReference; fileEncoding = 4; lastKnownFileType = sourcecode.c.h; path = aeffeditor.h; sourceTree = "<group>"; };
		24E45A370F9B7632008F34CE /* audioeffect.cpp */ = {isa = PBXFileReference; fileEncoding = 4; lastKnownFileType = sourcecode.cpp.cpp; path = audioeffect.cpp; sourceTree = "<group>"; };
		24E45A380F9B7632008F34CE /* audioeffect.h */ = {isa = PBXFileReference; fileEncoding = 4; lastKnownFileType = sourcecode.c.h; path = audioeffect.h; sourceTree = "<group>"; };
		24E45A390F9B7632008F34CE /* audioeffectx.cpp */ = {isa = PBXFileReference; fileEncoding = 4; lastKnownFileType = sourcecode.cpp.cpp; path = audioeffectx.cpp; sourceTree = "<group>"; };
		24E45A3A0F9B7632008F34CE /* audioeffectx.h */ = {isa = PBXFileReference; fileEncoding = 4; lastKnownFileType = sourcecode.c.h; path = audioeffectx.h; sourceTree = "<group>"; };
		24E45A3B0F9B7632008F34CE /* vstplugmain.cpp */ = {isa = PBXFileReference; fileEncoding = 4; lastKnownFileType = sourcecode.cpp.cpp; path = vstplugmain.cpp; sourceTree = "<group>"; };
		24E45BEB0F9B7827008F34CE /* xcode_au_prefix.h */ = {isa = PBXFileReference; fileEncoding = 4; lastKnownFileType = sourcecode.c.h; name = xcode_au_prefix.h; path = mac/xcode_au_prefix.h; sourceTree = "<group>"; };
		24E45BEC0F9B7835008F34CE /* xcode_vst_prefix.h */ = {isa = PBXFileReference; fileEncoding = 4; lastKnownFileType = sourcecode.c.h; name = xcode_vst_prefix.h; path = mac/xcode_vst_prefix.h; sourceTree = "<group>"; };
		8D01CCD10486CAD60068D4B7 /* VST-Info.plist */ = {isa = PBXFileReference; fileEncoding = 4; lastKnownFileType = text.plist.xml; name = "VST-Info.plist"; path = "mac/VST-Info.plist"; sourceTree = "<group>"; };
/* End PBXFileReference section */

/* Begin PBXFrameworksBuildPhase section */
		24D27C74097B1CEB0039D32E /* Frameworks */ = {
			isa = PBXFrameworksBuildPhase;
			buildActionMask = 2147483647;
			files = (
				244FE83D1557FA57009EE2E1 /* QuickTime.framework in Frameworks */,
				24D28029097C26C80039D32E /* Carbon.framework in Frameworks */,
				24D27DE0097B40500039D32E /* CoreAudio.framework in Frameworks */,
				24D27DE1097B40500039D32E /* CoreServices.framework in Frameworks */,
				24D27DE2097B40500039D32E /* AudioToolbox.framework in Frameworks */,
				24D27DE3097B40500039D32E /* AudioUnit.framework in Frameworks */,
			);
			runOnlyForDeploymentPostprocessing = 0;
		};
		8D01CCCD0486CAD60068D4B7 /* Frameworks */ = {
			isa = PBXFrameworksBuildPhase;
			buildActionMask = 2147483647;
			files = (
				8D01CCCE0486CAD60068D4B7 /* Carbon.framework in Frameworks */,
			);
			runOnlyForDeploymentPostprocessing = 0;
		};
/* End PBXFrameworksBuildPhase section */

/* Begin PBXGroup section */
		089C166AFE841209C02AAC07 /* FM-Chopper */ = {
			isa = PBXGroup;
			children = (
				24D27CC3097B3E0E0039D32E /* AU Source */,
				089C1671FE841209C02AAC07 /* External Frameworks and Libraries */,
				19C28FB4FE9D528D11CA2CBB /* Products */,
				089C167CFE841241C02AAC07 /* Resources */,
				08FB77ADFE841716C02AAC07 /* Source */,
				24E459190F9B7630008F34CE /* vstsdk2.4 */,
			);
			name = "FM-Chopper";
			sourceTree = "<group>";
		};
		089C1671FE841209C02AAC07 /* External Frameworks and Libraries */ = {
			isa = PBXGroup;
			children = (
				244FE83C1557FA57009EE2E1 /* QuickTime.framework */,
				24D27DDE097B40500039D32E /* AudioToolbox.framework */,
				24D27DDF097B40500039D32E /* AudioUnit.framework */,
				08EA7FFBFE8413EDC02AAC07 /* Carbon.framework */,
				24D27DDC097B40500039D32E /* CoreAudio.framework */,
				24D27DDD097B40500039D32E /* CoreServices.framework */,
			);
			name = "External Frameworks and Libraries";
			sourceTree = "<group>";
		};
		089C167CFE841241C02AAC07 /* Resources */ = {
			isa = PBXGroup;
			children = (
				24D27DEA097B40C60039D32E /* AU */,
				24D27EE6097B4D120039D32E /* VST */,
			);
			name = Resources;
			sourceTree = "<group>";
		};
		08FB77ADFE841716C02AAC07 /* Source */ = {
			isa = PBXGroup;
			children = (
				244FE6C31557F5CD009EE2E1 /* PluginCore */,
				24D14C41096D6D9600D7CD97 /* fxEnvelope.cpp */,
				24D27E44097B449A0039D32E /* PulseDelayAU.cpp */,
				24C0ABFA0964A83D002FAA1A /* PulseDelayCore.cpp */,
				2407DEB8089929BA00EB68BF /* PulseDelayVST.cpp */,
				245B71BF0965AA2B00E5733E /* defaults.h */,
				24D14C40096D6D9600D7CD97 /* fxEnvelope.h */,
				24D27E43097B449A0039D32E /* PulseDelayAU.h */,
				24C0ABF90964A83D002FAA1A /* PulseDelayCore.h */,
				2407DEB7089929BA00EB68BF /* PulseDelayVST.h */,
			);
			name = Source;
			sourceTree = "<group>";
		};
		19C28FB4FE9D528D11CA2CBB /* Products */ = {
			isa = PBXGroup;
			children = (
				2407DE920899296600EB68BF /* PulseDelay.vst */,
				24D27C76097B1CEB0039D32E /* PulseDelay.component */,
			);
			name = Products;
			sourceTree = "<group>";
		};
		244FE6C31557F5CD009EE2E1 /* PluginCore */ = {
			isa = PBXGroup;
			children = (
				244FE6C41557F5CD009EE2E1 /* appMac.cpp */,
				244FE6C51557F5CD009EE2E1 /* appMac.h */,
				244FE6C61557F5CD009EE2E1 /* auLoader.cpp */,
				244FE6C71557F5CD009EE2E1 /* auLoader.h */,
				244FE6C81557F5CD009EE2E1 /* effectCore.cpp */,
				244FE6C91557F5CD009EE2E1 /* effectCore.h */,
				244FE6CA1557F5CD009EE2E1 /* eventManager.cpp */,
				244FE6CB1557F5CD009EE2E1 /* eventManager.h */,
				244FE6CC1557F5CD009EE2E1 /* pluginCore.cpp */,
				244FE6CD1557F5CD009EE2E1 /* pluginCore.h */,
				244FE6CE1557F5CD009EE2E1 /* pluginCoreMidi.cpp */,
				244FE6CF1557F5CD009EE2E1 /* pluginCorePreset.cpp */,
				244FE6D01557F5CD009EE2E1 /* pluginLoader.cpp */,
				244FE6D11557F5CD009EE2E1 /* pluginLoader.h */,
				244FE6D21557F5CD009EE2E1 /* productDir.cpp */,
				244FE6D31557F5CD009EE2E1 /* productDir.h */,
				244FE6D41557F5CD009EE2E1 /* vstLoader.cpp */,
				244FE6D51557F5CD009EE2E1 /* vstLoader.h */,
				244FE6D61557F5CD009EE2E1 /* vstLoaderEditor.cpp */,
				244FE6D71557F5CD009EE2E1 /* vstLoaderHost.cpp */,
				244FE6D81557F5CD009EE2E1 /* xmlLogger.cpp */,
				244FE6D91557F5CD009EE2E1 /* xmlLogger.h */,
				244FE6DA1557F5CD009EE2E1 /* xmlWriter.cpp */,
				244FE6DB1557F5CD009EE2E1 /* xmlWriter.h */,
			);
			name = PluginCore;
			path = source/plugincore;
			sourceTree = "<group>";
		};
		244FE7411557F9DE009EE2E1 /* AUPublic */ = {
			isa = PBXGroup;
			children = (
				244FE7421557F9DE009EE2E1 /* AUBase */,
				244FE7501557F9DE009EE2E1 /* AUCarbonViewBase */,
				244FE7651557F9DE009EE2E1 /* AUViewBase */,
				244FE7671557F9DE009EE2E1 /* OtherBases */,
				244FE7741557F9DE009EE2E1 /* Utility */,
			);
			name = AUPublic;
			path = Extras/CoreAudio/AudioUnits/AUPublic;
			sourceTree = SYSTEM_DEVELOPER_DIR;
		};
		244FE7421557F9DE009EE2E1 /* AUBase */ = {
			isa = PBXGroup;
			children = (
				244FE7431557F9DE009EE2E1 /* AUBase.cpp */,
				244FE7441557F9DE009EE2E1 /* AUBase.h */,
				244FE7451557F9DE009EE2E1 /* AUDispatch.cpp */,
				244FE7461557F9DE009EE2E1 /* AUDispatch.h */,
				244FE7471557F9DE009EE2E1 /* AUInputElement.cpp */,
				244FE7481557F9DE009EE2E1 /* AUInputElement.h */,
				244FE7491557F9DE009EE2E1 /* AUOutputElement.cpp */,
				244FE74A1557F9DE009EE2E1 /* AUOutputElement.h */,
				244FE74C1557F9DE009EE2E1 /* AUScopeElement.cpp */,
				244FE74D1557F9DE009EE2E1 /* AUScopeElement.h */,
				244FE74E1557F9DE009EE2E1 /* ComponentBase.cpp */,
				244FE74F1557F9DE009EE2E1 /* ComponentBase.h */,
			);
			path = AUBase;
			sourceTree = "<group>";
		};
		244FE7501557F9DE009EE2E1 /* AUCarbonViewBase */ = {
			isa = PBXGroup;
			children = (
				244FE7511557F9DE009EE2E1 /* AUCarbonViewBase.cpp */,
				244FE7521557F9DE009EE2E1 /* AUCarbonViewBase.h */,
				244FE7531557F9DE009EE2E1 /* AUCarbonViewControl.cpp */,
				244FE7541557F9DE009EE2E1 /* AUCarbonViewControl.h */,
				244FE7551557F9DE009EE2E1 /* AUCarbonViewDispatch.cpp */,
				244FE7561557F9DE009EE2E1 /* AUControlGroup.cpp */,
				244FE7571557F9DE009EE2E1 /* AUControlGroup.h */,
				244FE7581557F9DE009EE2E1 /* CarbonEventHandler.cpp */,
				244FE7591557F9DE009EE2E1 /* CarbonEventHandler.h */,
			);
			path = AUCarbonViewBase;
			sourceTree = "<group>";
		};
		244FE7651557F9DE009EE2E1 /* AUViewBase */ = {
			isa = PBXGroup;
			children = (
				244FE7661557F9DE009EE2E1 /* AUViewLocalizedStringKeys.h */,
			);
			path = AUViewBase;
			sourceTree = "<group>";
		};
		244FE7671557F9DE009EE2E1 /* OtherBases */ = {
			isa = PBXGroup;
			children = (
				244FE7681557F9DE009EE2E1 /* AUEffectBase.cpp */,
				244FE7691557F9DE009EE2E1 /* AUEffectBase.h */,
			);
			path = OtherBases;
			sourceTree = "<group>";
		};
		244FE7741557F9DE009EE2E1 /* Utility */ = {
			isa = PBXGroup;
			children = (
				244FE7751557F9DE009EE2E1 /* AUBaseHelper.cpp */,
				244FE7761557F9DE009EE2E1 /* AUBaseHelper.h */,
				244FE7771557F9DE009EE2E1 /* AUBuffer.cpp */,
				244FE7781557F9DE009EE2E1 /* AUBuffer.h */,
				244FE7791557F9DE009EE2E1 /* AUDebugDispatcher.cpp */,
				244FE77A1557F9DE009EE2E1 /* AUDebugDispatcher.h */,
				244FE77B1557F9DE009EE2E1 /* AUInputFormatConverter.h */,
				244FE77C1557F9DE009EE2E1 /* AUSilentTimeout.h */,
				244FE77D1557F9DE009EE2E1 /* AUTimestampGenerator.cpp */,
				244FE77E1557F9DE009EE2E1 /* AUTimestampGenerator.h */,
			);
			path = Utility;
			sourceTree = "<group>";
		};
		244FE83E1557FB90009EE2E1 /* PublicUtility */ = {
			isa = PBXGroup;
			children = (
				244FE8ED1557FCC6009EE2E1 /* CAAUParameter.h */,
				244FE8EE1557FCC6009EE2E1 /* CAAUParameter.cpp */,
				244FE8EA1557FC8E009EE2E1 /* CAVectorUnit.cpp */,
				244FE8EB1557FC8E009EE2E1 /* CAVectorUnit.h */,
				244FE8E71557FC61009EE2E1 /* CAAudioChannelLayout.cpp */,
				244FE8E81557FC61009EE2E1 /* CAAudioChannelLayout.h */,
				244FE8E41557FC29009EE2E1 /* CAHostTimeBase.cpp */,
				244FE8E51557FC29009EE2E1 /* CAHostTimeBase.h */,
				244FE8E11557FC10009EE2E1 /* CAStreamBasicDescription.cpp */,
				244FE8E21557FC10009EE2E1 /* CAStreamBasicDescription.h */,
			);
			name = PublicUtility;
			path = Extras/CoreAudio/PublicUtility;
			sourceTree = SYSTEM_DEVELOPER_DIR;
		};
		24D27CC3097B3E0E0039D32E /* AU Source */ = {
			isa = PBXGroup;
			children = (
				244FE7411557F9DE009EE2E1 /* AUPublic */,
				244FE83E1557FB90009EE2E1 /* PublicUtility */,
			);
			name = "AU Source";
			sourceTree = "<group>";
		};
		24D27DEA097B40C60039D32E /* AU */ = {
			isa = PBXGroup;
			children = (
				24E45BEB0F9B7827008F34CE /* xcode_au_prefix.h */,
				24D27DEF097B40F80039D32E /* PulseDelay.exp */,
				24D27DF0097B40F80039D32E /* PulseDelay.r */,
				24D27C77097B1CEB0039D32E /* AU-Info.plist */,
			);
			name = AU;
			sourceTree = "<group>";
		};
		24D27EE6097B4D120039D32E /* VST */ = {
			isa = PBXGroup;
			children = (
				24CFB70307E7A0220081BD57 /* PkgInfo */,
				8D01CCD10486CAD60068D4B7 /* VST-Info.plist */,
				24E45BEC0F9B7835008F34CE /* xcode_vst_prefix.h */,
			);
			name = VST;
			sourceTree = "<group>";
		};
		24E459190F9B7630008F34CE /* vstsdk2.4 */ = {
			isa = PBXGroup;
			children = (
				24E459ED0F9B7631008F34CE /* pluginterfaces */,
				24E459F20F9B7631008F34CE /* public.sdk */,
			);
			path = vstsdk2.4;
			sourceTree = "<group>";
		};
		24E459ED0F9B7631008F34CE /* pluginterfaces */ = {
			isa = PBXGroup;
			children = (
				24E459EE0F9B7631008F34CE /* vst2.x */,
			);
			path = pluginterfaces;
			sourceTree = "<group>";
		};
		24E459EE0F9B7631008F34CE /* vst2.x */ = {
			isa = PBXGroup;
			children = (
				24E459EF0F9B7631008F34CE /* aeffect.h */,
				24E459F00F9B7631008F34CE /* aeffectx.h */,
				24E459F10F9B7631008F34CE /* vstfxstore.h */,
			);
			path = vst2.x;
			sourceTree = "<group>";
		};
		24E459F20F9B7631008F34CE /* public.sdk */ = {
			isa = PBXGroup;
			children = (
				24E45A340F9B7632008F34CE /* source */,
			);
			path = public.sdk;
			sourceTree = "<group>";
		};
		24E45A340F9B7632008F34CE /* source */ = {
			isa = PBXGroup;
			children = (
				24E45A350F9B7632008F34CE /* vst2.x */,
			);
			path = source;
			sourceTree = "<group>";
		};
		24E45A350F9B7632008F34CE /* vst2.x */ = {
			isa = PBXGroup;
			children = (
				24E45A370F9B7632008F34CE /* audioeffect.cpp */,
				24E45A390F9B7632008F34CE /* audioeffectx.cpp */,
				24E45A3B0F9B7632008F34CE /* vstplugmain.cpp */,
				24E45A360F9B7632008F34CE /* aeffeditor.h */,
				24E45A380F9B7632008F34CE /* audioeffect.h */,
				24E45A3A0F9B7632008F34CE /* audioeffectx.h */,
			);
			path = vst2.x;
			sourceTree = "<group>";
		};
/* End PBXGroup section */

/* Begin PBXHeadersBuildPhase section */
		8D01CCC70486CAD60068D4B7 /* Headers */ = {
			isa = PBXHeadersBuildPhase;
			buildActionMask = 2147483647;
			files = (
				2407DEBA089929BA00EB68BF /* PulseDelayVST.h in Headers */,
				24C0ABFB0964A83D002FAA1A /* PulseDelayCore.h in Headers */,
				245B71C00965AA2B00E5733E /* defaults.h in Headers */,
				24D14C42096D6D9600D7CD97 /* fxEnvelope.h in Headers */,
				24E45BED0F9B7835008F34CE /* xcode_vst_prefix.h in Headers */,
				244FE6DE1557F5CD009EE2E1 /* appMac.h in Headers */,
				244FE6E11557F5CD009EE2E1 /* auLoader.h in Headers */,
				244FE6E41557F5CD009EE2E1 /* effectCore.h in Headers */,
				244FE6E71557F5CD009EE2E1 /* eventManager.h in Headers */,
				244FE6EA1557F5CD009EE2E1 /* pluginCore.h in Headers */,
				244FE6F11557F5CD009EE2E1 /* pluginLoader.h in Headers */,
				244FE6F41557F5CD009EE2E1 /* productDir.h in Headers */,
				244FE6F71557F5CD009EE2E1 /* vstLoader.h in Headers */,
				244FE6FE1557F5CD009EE2E1 /* xmlLogger.h in Headers */,
				244FE7011557F5CD009EE2E1 /* xmlWriter.h in Headers */,
			);
			runOnlyForDeploymentPostprocessing = 0;
		};
/* End PBXHeadersBuildPhase section */

/* Begin PBXNativeTarget section */
		24D27C75097B1CEB0039D32E /* PulseDelay-AU */ = {
			isa = PBXNativeTarget;
			buildConfigurationList = 24D27C78097B1CED0039D32E /* Build configuration list for PBXNativeTarget "PulseDelay-AU" */;
			buildPhases = (
				24D27C72097B1CEB0039D32E /* Resources */,
				24D27C73097B1CEB0039D32E /* Sources */,
				24D27C74097B1CEB0039D32E /* Frameworks */,
				24D27E03097B42240039D32E /* Rez */,
			);
			buildRules = (
			);
			dependencies = (
			);
			name = "PulseDelay-AU";
			productName = "PulseDelay-AU";
			productReference = 24D27C76097B1CEB0039D32E /* PulseDelay.component */;
			productType = "com.apple.product-type.bundle";
		};
		8D01CCC60486CAD60068D4B7 /* PulseDelay-VST */ = {
			isa = PBXNativeTarget;
			buildConfigurationList = 24BEAAED08919AE700E695F9 /* Build configuration list for PBXNativeTarget "PulseDelay-VST" */;
			buildPhases = (
				8D01CCC70486CAD60068D4B7 /* Headers */,
				8D01CCC90486CAD60068D4B7 /* Resources */,
				8D01CCCB0486CAD60068D4B7 /* Sources */,
				8D01CCCD0486CAD60068D4B7 /* Frameworks */,
				8D01CCCF0486CAD60068D4B7 /* Rez */,
				24CFB70807E7A07C0081BD57 /* Copy PkgInfo */,
			);
			buildRules = (
			);
			dependencies = (
			);
			name = "PulseDelay-VST";
			productInstallPath = "$(HOME)/Library/Bundles";
			productName = "FM-Chopper";
			productReference = 2407DE920899296600EB68BF /* PulseDelay.vst */;
			productType = "com.apple.product-type.bundle";
		};
/* End PBXNativeTarget section */

/* Begin PBXProject section */
		089C1669FE841209C02AAC07 /* Project object */ = {
			isa = PBXProject;
			buildConfigurationList = 24BEAAF108919AE700E695F9 /* Build configuration list for PBXProject "PulseDelay" */;
			compatibilityVersion = "Xcode 2.4";
			developmentRegion = English;
			hasScannedForEncodings = 1;
			knownRegions = (
				en,
			);
			mainGroup = 089C166AFE841209C02AAC07 /* FM-Chopper */;
			projectDirPath = "";
			projectRoot = "";
			targets = (
				24D27C75097B1CEB0039D32E /* PulseDelay-AU */,
				8D01CCC60486CAD60068D4B7 /* PulseDelay-VST */,
				24E7A2A40A23AF44006C146F /* Make All */,
			);
		};
/* End PBXProject section */

/* Begin PBXResourcesBuildPhase section */
		24D27C72097B1CEB0039D32E /* Resources */ = {
			isa = PBXResourcesBuildPhase;
			buildActionMask = 2147483647;
			files = (
				2496C45B0A5528FB009E90E5 /* AU-Info.plist in Resources */,
			);
			runOnlyForDeploymentPostprocessing = 0;
		};
		8D01CCC90486CAD60068D4B7 /* Resources */ = {
			isa = PBXResourcesBuildPhase;
			buildActionMask = 2147483647;
			files = (
				24CFB70407E7A0220081BD57 /* PkgInfo in Resources */,
			);
			runOnlyForDeploymentPostprocessing = 0;
		};
/* End PBXResourcesBuildPhase section */

/* Begin PBXRezBuildPhase section */
		24D27E03097B42240039D32E /* Rez */ = {
			isa = PBXRezBuildPhase;
			buildActionMask = 2147483647;
			files = (
				24D27E11097B42600039D32E /* PulseDelay.r in Rez */,
			);
			runOnlyForDeploymentPostprocessing = 0;
		};
		8D01CCCF0486CAD60068D4B7 /* Rez */ = {
			isa = PBXRezBuildPhase;
			buildActionMask = 2147483647;
			files = (
			);
			runOnlyForDeploymentPostprocessing = 0;
		};
/* End PBXRezBuildPhase section */

/* Begin PBXShellScriptBuildPhase section */
		24CFB70807E7A07C0081BD57 /* Copy PkgInfo */ = {
			isa = PBXShellScriptBuildPhase;
			buildActionMask = 2147483647;
			files = (
			);
			inputPaths = (
			);
			name = "Copy PkgInfo";
			outputPaths = (
			);
			runOnlyForDeploymentPostprocessing = 0;
			shellPath = /bin/bash;
			shellScript = "# cp mac/PkgInfo $BUILT_PRODUCTS_DIR/$PRODUCT_NAME.vst/Contents/";
		};
/* End PBXShellScriptBuildPhase section */

/* Begin PBXSourcesBuildPhase section */
		24D27C73097B1CEB0039D32E /* Sources */ = {
			isa = PBXSourcesBuildPhase;
			buildActionMask = 2147483647;
			files = (
				24D27EE0097B4C8E0039D32E /* fxEnvelope.cpp in Sources */,
				24D27EDF097B4C800039D32E /* PulseDelayCore.cpp in Sources */,
				24D27E45097B449A0039D32E /* PulseDelayAU.cpp in Sources */,
				244FE6DC1557F5CD009EE2E1 /* appMac.cpp in Sources */,
				244FE6DF1557F5CD009EE2E1 /* auLoader.cpp in Sources */,
				244FE6E21557F5CD009EE2E1 /* effectCore.cpp in Sources */,
				244FE6E51557F5CD009EE2E1 /* eventManager.cpp in Sources */,
				244FE6E81557F5CD009EE2E1 /* pluginCore.cpp in Sources */,
				244FE6EB1557F5CD009EE2E1 /* pluginCoreMidi.cpp in Sources */,
				244FE6ED1557F5CD009EE2E1 /* pluginCorePreset.cpp in Sources */,
				244FE6EF1557F5CD009EE2E1 /* pluginLoader.cpp in Sources */,
				244FE6F21557F5CD009EE2E1 /* productDir.cpp in Sources */,
				244FE6F51557F5CD009EE2E1 /* vstLoader.cpp in Sources */,
				244FE6F81557F5CD009EE2E1 /* vstLoaderEditor.cpp in Sources */,
				244FE6FA1557F5CD009EE2E1 /* vstLoaderHost.cpp in Sources */,
				244FE6FC1557F5CD009EE2E1 /* xmlLogger.cpp in Sources */,
				244FE6FF1557F5CD009EE2E1 /* xmlWriter.cpp in Sources */,
				244FE77F1557F9DE009EE2E1 /* AUBase.cpp in Sources */,
				244FE7801557F9DE009EE2E1 /* AUDispatch.cpp in Sources */,
				244FE7811557F9DE009EE2E1 /* AUInputElement.cpp in Sources */,
				244FE7821557F9DE009EE2E1 /* AUOutputElement.cpp in Sources */,
				244FE7841557F9DE009EE2E1 /* AUScopeElement.cpp in Sources */,
				244FE7851557F9DE009EE2E1 /* ComponentBase.cpp in Sources */,
				244FE7861557F9DE009EE2E1 /* AUCarbonViewBase.cpp in Sources */,
				244FE7871557F9DE009EE2E1 /* AUCarbonViewControl.cpp in Sources */,
				244FE7881557F9DE009EE2E1 /* AUCarbonViewDispatch.cpp in Sources */,
				244FE7891557F9DE009EE2E1 /* AUControlGroup.cpp in Sources */,
				244FE78A1557F9DE009EE2E1 /* CarbonEventHandler.cpp in Sources */,
				244FE78F1557F9DE009EE2E1 /* AUEffectBase.cpp in Sources */,
				244FE7951557F9DE009EE2E1 /* AUBaseHelper.cpp in Sources */,
				244FE7961557F9DE009EE2E1 /* AUBuffer.cpp in Sources */,
				244FE7971557F9DE009EE2E1 /* AUDebugDispatcher.cpp in Sources */,
				244FE7981557F9DE009EE2E1 /* AUTimestampGenerator.cpp in Sources */,
				244FE8E31557FC10009EE2E1 /* CAStreamBasicDescription.cpp in Sources */,
				244FE8E61557FC29009EE2E1 /* CAHostTimeBase.cpp in Sources */,
				244FE8E91557FC61009EE2E1 /* CAAudioChannelLayout.cpp in Sources */,
				244FE8EC1557FC8E009EE2E1 /* CAVectorUnit.cpp in Sources */,
				244FE8EF1557FCC6009EE2E1 /* CAAUParameter.cpp in Sources */,
			);
			runOnlyForDeploymentPostprocessing = 0;
		};
		8D01CCCB0486CAD60068D4B7 /* Sources */ = {
			isa = PBXSourcesBuildPhase;
			buildActionMask = 2147483647;
			files = (
				2407DEBB089929BA00EB68BF /* PulseDelayVST.cpp in Sources */,
				24C0ABFC0964A83D002FAA1A /* PulseDelayCore.cpp in Sources */,
				24D14C43096D6D9600D7CD97 /* fxEnvelope.cpp in Sources */,
				24E45BD20F9B768E008F34CE /* audioeffect.cpp in Sources */,
				24E45BD30F9B768E008F34CE /* audioeffectx.cpp in Sources */,
				24E45BD40F9B768E008F34CE /* vstplugmain.cpp in Sources */,
				244FE6DD1557F5CD009EE2E1 /* appMac.cpp in Sources */,
				244FE6E01557F5CD009EE2E1 /* auLoader.cpp in Sources */,
				244FE6E31557F5CD009EE2E1 /* effectCore.cpp in Sources */,
				244FE6E61557F5CD009EE2E1 /* eventManager.cpp in Sources */,
				244FE6E91557F5CD009EE2E1 /* pluginCore.cpp in Sources */,
				244FE6EC1557F5CD009EE2E1 /* pluginCoreMidi.cpp in Sources */,
				244FE6EE1557F5CD009EE2E1 /* pluginCorePreset.cpp in Sources */,
				244FE6F01557F5CD009EE2E1 /* pluginLoader.cpp in Sources */,
				244FE6F31557F5CD009EE2E1 /* productDir.cpp in Sources */,
				244FE6F61557F5CD009EE2E1 /* vstLoader.cpp in Sources */,
				244FE6F91557F5CD009EE2E1 /* vstLoaderEditor.cpp in Sources */,
				244FE6FB1557F5CD009EE2E1 /* vstLoaderHost.cpp in Sources */,
				244FE6FD1557F5CD009EE2E1 /* xmlLogger.cpp in Sources */,
				244FE7001557F5CD009EE2E1 /* xmlWriter.cpp in Sources */,
			);
			runOnlyForDeploymentPostprocessing = 0;
		};
/* End PBXSourcesBuildPhase section */

/* Begin PBXTargetDependency section */
		24E7A2A60A23AF49006C146F /* PBXTargetDependency */ = {
			isa = PBXTargetDependency;
			target = 24D27C75097B1CEB0039D32E /* PulseDelay-AU */;
			targetProxy = 24E7A2A50A23AF49006C146F /* PBXContainerItemProxy */;
		};
		24E7A2A80A23AF4A006C146F /* PBXTargetDependency */ = {
			isa = PBXTargetDependency;
			target = 8D01CCC60486CAD60068D4B7 /* PulseDelay-VST */;
			targetProxy = 24E7A2A70A23AF4A006C146F /* PBXContainerItemProxy */;
		};
/* End PBXTargetDependency section */

/* Begin XCBuildConfiguration section */
		24BEAAEE08919AE700E695F9 /* Debug */ = {
			isa = XCBuildConfiguration;
			buildSettings = {
				COPY_PHASE_STRIP = NO;
				FRAMEWORK_SEARCH_PATHS = "";
				GCC_DYNAMIC_NO_PIC = NO;
				GCC_ENABLE_FIX_AND_CONTINUE = YES;
				GCC_ENABLE_TRIGRAPHS = NO;
				GCC_GENERATE_DEBUGGING_SYMBOLS = YES;
				GCC_PRECOMPILE_PREFIX_HEADER = YES;
				GCC_PREFIX_HEADER = ./mac/xcode_vst_prefix.h;
				GCC_PREPROCESSOR_DEFINITIONS = "DEBUG=1";
				GCC_VERSION = com.apple.compilers.llvmgcc42;
				GCC_WARN_ABOUT_MISSING_PROTOTYPES = NO;
				GCC_WARN_FOUR_CHARACTER_CONSTANTS = NO;
				GCC_WARN_UNKNOWN_PRAGMAS = NO;
				HEADER_SEARCH_PATHS = (
					./source/plugincore,
					"vstsdk2.4/**",
				);
				INFOPLIST_FILE = "mac/VST-Info.plist";
				LIBRARY_SEARCH_PATHS = "";
				MACOSX_DEPLOYMENT_TARGET = 10.5;
				OTHER_CFLAGS = "";
				OTHER_LDFLAGS = "";
				PRODUCT_NAME = PulseDelay;
				SECTORDER_FLAGS = "";
				WARNING_CFLAGS = (
					"-Wmost",
					"-Wno-four-char-constants",
					"-Wno-unknown-pragmas",
				);
				WRAPPER_EXTENSION = vst;
			};
			name = Debug;
		};
		24BEAAEF08919AE700E695F9 /* Release */ = {
			isa = XCBuildConfiguration;
			buildSettings = {
				COPY_PHASE_STRIP = YES;
				DEPLOYMENT_POSTPROCESSING = YES;
				FRAMEWORK_SEARCH_PATHS = "";
				GCC_ENABLE_FIX_AND_CONTINUE = NO;
				GCC_ENABLE_TRIGRAPHS = NO;
				GCC_GENERATE_DEBUGGING_SYMBOLS = NO;
				GCC_PRECOMPILE_PREFIX_HEADER = YES;
				GCC_PREFIX_HEADER = ./mac/xcode_vst_prefix.h;
				GCC_UNROLL_LOOPS = YES;
				GCC_VERSION = com.apple.compilers.llvmgcc42;
				GCC_WARN_ABOUT_MISSING_PROTOTYPES = NO;
				GCC_WARN_FOUR_CHARACTER_CONSTANTS = NO;
				GCC_WARN_UNKNOWN_PRAGMAS = NO;
				HEADER_SEARCH_PATHS = (
					./source/plugincore,
					"vstsdk2.4/**",
				);
				INFOPLIST_FILE = "mac/VST-Info.plist";
				LIBRARY_SEARCH_PATHS = "";
				MACOSX_DEPLOYMENT_TARGET = 10.5;
				OTHER_CFLAGS = "";
				OTHER_LDFLAGS = "";
				PRODUCT_NAME = PulseDelay;
				SECTORDER_FLAGS = "";
				WARNING_CFLAGS = (
					"-Wmost",
					"-Wno-four-char-constants",
					"-Wno-unknown-pragmas",
				);
				WRAPPER_EXTENSION = vst;
			};
			name = Release;
		};
		24BEAAF208919AE700E695F9 /* Debug */ = {
			isa = XCBuildConfiguration;
			buildSettings = {
				GCC_OPTIMIZATION_LEVEL = 0;
				INFOPLIST_FILE = "";
				INFOPLIST_PREPROCESS = NO;
				MACOSX_DEPLOYMENT_TARGET = 10.3;
				SDKROOT = "";
			};
			name = Debug;
		};
		24BEAAF308919AE700E695F9 /* Release */ = {
			isa = XCBuildConfiguration;
			buildSettings = {
				ARCHS = "$(ARCHS_STANDARD_32_BIT_PRE_XCODE_3_1)";
				ARCHS_STANDARD_32_BIT_PRE_XCODE_3_1 = "ppc i386";
				GCC_OPTIMIZATION_LEVEL = 3;
				INFOPLIST_FILE = "";
				INFOPLIST_PREPROCESS = NO;
				MACOSX_DEPLOYMENT_TARGET = 10.3;
				SDKROOT = "";
			};
			name = Release;
		};
		24D27C79097B1CED0039D32E /* Debug */ = {
			isa = XCBuildConfiguration;
			buildSettings = {
				COPY_PHASE_STRIP = NO;
				EXPORTED_SYMBOLS_FILE = ./mac/PulseDelay.exp;
				GCC_DYNAMIC_NO_PIC = NO;
				GCC_ENABLE_FIX_AND_CONTINUE = YES;
				GCC_GENERATE_DEBUGGING_SYMBOLS = YES;
				GCC_PRECOMPILE_PREFIX_HEADER = YES;
				GCC_PREFIX_HEADER = ./mac/xcode_au_prefix.h;
				GCC_PREPROCESSOR_DEFINITIONS = "DEBUG=1";
				GCC_VERSION = com.apple.compilers.llvmgcc42;
				GENERATE_PKGINFO_FILE = YES;
				HEADER_SEARCH_PATHS = plugincore/source;
				INFOPLIST_FILE = "./mac/AU-Info.plist";
				MACOSX_DEPLOYMENT_TARGET = 10.5;
				OTHER_LDFLAGS = "-bundle";
				OTHER_REZFLAGS = "-I /System/Library/Frameworks/CoreServices.framework/Frameworks/CarbonCore.framework/Versions/A/Headers -I /Developer/Examples/CoreAudio/AudioUnits/AUPublic/AUBase -D  TARGET_REZ_MAC_PPC=1";
				PREBINDING = YES;
				PRODUCT_NAME = PulseDelay;
				REZ_PREPROCESSOR_DEFINITIONS = "DEBUG=1";
				REZ_SEARCH_PATHS = (
					/System/Library/Frameworks/CoreServices.framework/Versions/CarbonCore.framework/Versions/A/Headers,
					/Developer/Examples/CoreAudio/AudioUnits/AUPublic/AUBase,
				);
				WARNING_CFLAGS = (
					"-Wmost",
					"-Wno-four-char-constants",
					"-Wno-unknown-pragmas",
				);
				WRAPPER_EXTENSION = component;
			};
			name = Debug;
		};
		24D27C7A097B1CED0039D32E /* Release */ = {
			isa = XCBuildConfiguration;
			buildSettings = {
				COPY_PHASE_STRIP = YES;
				DEAD_CODE_STRIPPING = YES;
				DEPLOYMENT_POSTPROCESSING = YES;
				EXPORTED_SYMBOLS_FILE = ./mac/PulseDelay.exp;
				GCC_ENABLE_FIX_AND_CONTINUE = NO;
				GCC_GENERATE_DEBUGGING_SYMBOLS = NO;
				GCC_PRECOMPILE_PREFIX_HEADER = YES;
				GCC_PREFIX_HEADER = ./mac/xcode_au_prefix.h;
				GCC_UNROLL_LOOPS = YES;
				GCC_VERSION = com.apple.compilers.llvmgcc42;
				GENERATE_PKGINFO_FILE = YES;
				HEADER_SEARCH_PATHS = plugincore/source;
				INFOPLIST_FILE = "./mac/AU-Info.plist";
				MACOSX_DEPLOYMENT_TARGET = 10.5;
				OTHER_LDFLAGS = "-bundle";
				OTHER_REZFLAGS = "-I /System/Library/Frameworks/CoreServices.framework/Frameworks/CarbonCore.framework/Versions/A/Headers -I /Developer/Examples/CoreAudio/AudioUnits/AUPublic/AUBase -D  TARGET_REZ_MAC_PPC=1";
				PREBINDING = YES;
				PRESERVE_DEAD_CODE_INITS_AND_TERMS = YES;
				PRODUCT_NAME = PulseDelay;
				REZ_PREPROCESSOR_DEFINITIONS = "MAC MACX USE_PC_AU USE_PC_EVENTS USE_PC_EFFECTS";
				REZ_SEARCH_PATHS = (
					/System/Library/Frameworks/CoreServices.framework/Versions/CarbonCore.framework/Versions/A/Headers,
					/Developer/Examples/CoreAudio/AudioUnits/AUPublic/AUBase,
				);
				WARNING_CFLAGS = (
					"-Wmost",
					"-Wno-four-char-constants",
					"-Wno-unknown-pragmas",
				);
				WRAPPER_EXTENSION = component;
			};
			name = Release;
		};
		24E7A2BE0A23AF87006C146F /* Debug */ = {
			isa = XCBuildConfiguration;
			buildSettings = {
				COPY_PHASE_STRIP = NO;
				GCC_DYNAMIC_NO_PIC = NO;
				GCC_GENERATE_DEBUGGING_SYMBOLS = YES;
				GCC_OPTIMIZATION_LEVEL = 0;
				PRODUCT_NAME = "Make All";
			};
			name = Debug;
		};
		24E7A2BF0A23AF87006C146F /* Release */ = {
			isa = XCBuildConfiguration;
			buildSettings = {
				COPY_PHASE_STRIP = YES;
				GCC_ENABLE_FIX_AND_CONTINUE = NO;
				GCC_GENERATE_DEBUGGING_SYMBOLS = NO;
				PRODUCT_NAME = "Make All";
				ZERO_LINK = NO;
			};
			name = Release;
		};
/* End XCBuildConfiguration section */

/* Begin XCConfigurationList section */
		24BEAAED08919AE700E695F9 /* Build configuration list for PBXNativeTarget "PulseDelay-VST" */ = {
			isa = XCConfigurationList;
			buildConfigurations = (
				24BEAAEE08919AE700E695F9 /* Debug */,
				24BEAAEF08919AE700E695F9 /* Release */,
			);
			defaultConfigurationIsVisible = 0;
			defaultConfigurationName = Debug;
		};
		24BEAAF108919AE700E695F9 /* Build configuration list for PBXProject "PulseDelay" */ = {
			isa = XCConfigurationList;
			buildConfigurations = (
				24BEAAF208919AE700E695F9 /* Debug */,
				24BEAAF308919AE700E695F9 /* Release */,
			);
			defaultConfigurationIsVisible = 0;
			defaultConfigurationName = Debug;
		};
		24D27C78097B1CED0039D32E /* Build configuration list for PBXNativeTarget "PulseDelay-AU" */ = {
			isa = XCConfigurationList;
			buildConfigurations = (
				24D27C79097B1CED0039D32E /* Debug */,
				24D27C7A097B1CED0039D32E /* Release */,
			);
			defaultConfigurationIsVisible = 0;
			defaultConfigurationName = Debug;
		};
		24E7A2BD0A23AF87006C146F /* Build configuration list for PBXAggregateTarget "Make All" */ = {
			isa = XCConfigurationList;
			buildConfigurations = (
				24E7A2BE0A23AF87006C146F /* Debug */,
				24E7A2BF0A23AF87006C146F /* Release */,
			);
			defaultConfigurationIsVisible = 0;
			defaultConfigurationName = Debug;
		};
/* End XCConfigurationList section */
	};
	rootObject = 089C1669FE841209C02AAC07 /* Project object */;
}
