Microsoft Visual Studio Solution File, Format Version 11.00
# Visual Studio 2012
Project("{B61B3F81-40A9-1BBA-A242-1C0D6182A34A}") = "PulseDelay", "PulseDelay.vcxproj", "{CF88A950-8D4B-E215-1B01-BCD6D3B4A475}"
EndProject
Global
	GlobalSection(SolutionConfigurationPlatforms) = preSolution
		Debug|Win32 = Debug|Win32
		Release|Win32 = Release|Win32
	EndGlobalSection
	GlobalSection(ProjectConfigurationPlatforms) = postSolution
		{CF88A950-8D4B-E215-1B01-BCD6D3B4A475}.Debug|Win32.ActiveCfg = Debug|Win32
		{CF88A950-8D4B-E215-1B01-BCD6D3B4A475}.Debug|Win32.Build.0 = Debug|Win32
		{CF88A950-8D4B-E215-1B01-BCD6D3B4A475}.Release|Win32.ActiveCfg = Release|Win32
		{CF88A950-8D4B-E215-1B01-BCD6D3B4A475}.Release|Win32.Build.0 = Release|Win32
	EndGlobalSection
	GlobalSection(SolutionProperties) = preSolution
		HideSolutionNode = FALSE
	EndGlobalSection
EndGlobal
